
Microsoft Visual Studio Solution File, Format Version 12.00
# Visual Studio Version 16
VisualStudioVersion = 16.0.28407.52
MinimumVisualStudioVersion = 10.0.40219.1
Project("{2150E333-8FDC-42A3-9474-1A3956D46DE8}") = "Docs", "Docs", "{2E735EDC-62A6-4965-859B-371FC80FA7BF}"
	ProjectSection(SolutionItems) = preProject
		README.md = README.md
		ToDos.txt = ToDos.txt
	EndProjectSection
EndProject
Project("{2150E333-8FDC-42A3-9474-1A3956D46DE8}") = "Src", "Src", "{FB1AE5D6-1590-46D0-847E-FC309795DB50}"
EndProject
Project("{2150E333-8FDC-42A3-9474-1A3956D46DE8}") = "Tests", "Tests", "{B40809C9-14FF-469C-ABCC-D51DAEBE5709}"
EndProject
Project("{2150E333-8FDC-42A3-9474-1A3956D46DE8}") = "Presentation", "Presentation", "{43DA574A-5303-4F2C-8375-CE9187F546E9}"
EndProject
Project("{2150E333-8FDC-42A3-9474-1A3956D46DE8}") = "Core", "Core", "{5FD396AA-67F9-4B2E-9156-BD726B78A3E3}"
EndProject
Project("{2150E333-8FDC-42A3-9474-1A3956D46DE8}") = "Infrastructure", "Infrastructure", "{CB9F1F64-4DD1-41EB-A7A6-122450B4949A}"
EndProject
Project("{9A19103F-16F7-4668-BE54-9A1E7A4F7556}") = "Resume.Application", "Resume.Application\Resume.Application.csproj", "{16CAFADA-D5D6-420E-94E3-08D4BF3F13F1}"
EndProject
Project("{9A19103F-16F7-4668-BE54-9A1E7A4F7556}") = "Resume.Grpc", "Resume.Grpc\Resume.Grpc.csproj", "{43B02B94-4DD4-4CEC-B830-12036658CF35}"
EndProject
Project("{2150E333-8FDC-42A3-9474-1A3956D46DE8}") = "Grpc", "Grpc", "{68A03212-7589-48EA-B49E-07EFEA9973EB}"
EndProject
Project("{9A19103F-16F7-4668-BE54-9A1E7A4F7556}") = "Resume.Grpc.Interfaces", "Resume.Grpc.Interfaces\Resume.Grpc.Interfaces.csproj", "{3546DBE6-438B-46C6-8CB8-401F42BF556A}"
EndProject
Project("{9A19103F-16F7-4668-BE54-9A1E7A4F7556}") = "Resume.Grpc.Client", "Resume.Grpc.Client\Resume.Grpc.Client.csproj", "{AFA35155-080F-4F8D-AED9-A489C60CEABC}"
EndProject
Project("{9A19103F-16F7-4668-BE54-9A1E7A4F7556}") = "Resume.WebApi", "Resume.WebApi\Resume.WebApi.csproj", "{3B0CA18A-7EAA-4110-9873-2C29A9DC14E5}"
EndProject
Project("{9A19103F-16F7-4668-BE54-9A1E7A4F7556}") = "Resume.Data", "Resume.Data\Resume.Data.csproj", "{A2228D73-AD26-4004-855E-D61BBB587422}"
EndProject
Project("{9A19103F-16F7-4668-BE54-9A1E7A4F7556}") = "Resume.Domain", "Resume.Domain\Resume.Domain.csproj", "{975F19DA-8195-407F-BCBB-8F639C50B782}"
EndProject
Project("{2150E333-8FDC-42A3-9474-1A3956D46DE8}") = "GraphQL", "GraphQL", "{B224A1D7-031E-4BC5-B455-498714C399FA}"
EndProject
Project("{FAE04EC0-301F-11D3-BF4B-00C04F79EFBC}") = "Resume.GraphQL", "Resume.GraphQL\Resume.GraphQL.csproj", "{FF638843-BFDE-465A-BED5-5663C0D77FEB}"
EndProject
Global
	GlobalSection(SolutionConfigurationPlatforms) = preSolution
		Debug|Any CPU = Debug|Any CPU
		Release|Any CPU = Release|Any CPU
	EndGlobalSection
	GlobalSection(ProjectConfigurationPlatforms) = postSolution
		{16CAFADA-D5D6-420E-94E3-08D4BF3F13F1}.Debug|Any CPU.ActiveCfg = Debug|Any CPU
		{16CAFADA-D5D6-420E-94E3-08D4BF3F13F1}.Debug|Any CPU.Build.0 = Debug|Any CPU
		{16CAFADA-D5D6-420E-94E3-08D4BF3F13F1}.Release|Any CPU.ActiveCfg = Release|Any CPU
		{16CAFADA-D5D6-420E-94E3-08D4BF3F13F1}.Release|Any CPU.Build.0 = Release|Any CPU
		{43B02B94-4DD4-4CEC-B830-12036658CF35}.Debug|Any CPU.ActiveCfg = Debug|Any CPU
		{43B02B94-4DD4-4CEC-B830-12036658CF35}.Debug|Any CPU.Build.0 = Debug|Any CPU
		{43B02B94-4DD4-4CEC-B830-12036658CF35}.Release|Any CPU.ActiveCfg = Release|Any CPU
		{43B02B94-4DD4-4CEC-B830-12036658CF35}.Release|Any CPU.Build.0 = Release|Any CPU
		{3546DBE6-438B-46C6-8CB8-401F42BF556A}.Debug|Any CPU.ActiveCfg = Debug|Any CPU
		{3546DBE6-438B-46C6-8CB8-401F42BF556A}.Debug|Any CPU.Build.0 = Debug|Any CPU
		{3546DBE6-438B-46C6-8CB8-401F42BF556A}.Release|Any CPU.ActiveCfg = Release|Any CPU
		{3546DBE6-438B-46C6-8CB8-401F42BF556A}.Release|Any CPU.Build.0 = Release|Any CPU
		{AFA35155-080F-4F8D-AED9-A489C60CEABC}.Debug|Any CPU.ActiveCfg = Debug|Any CPU
		{AFA35155-080F-4F8D-AED9-A489C60CEABC}.Debug|Any CPU.Build.0 = Debug|Any CPU
		{AFA35155-080F-4F8D-AED9-A489C60CEABC}.Release|Any CPU.ActiveCfg = Release|Any CPU
		{AFA35155-080F-4F8D-AED9-A489C60CEABC}.Release|Any CPU.Build.0 = Release|Any CPU
		{3B0CA18A-7EAA-4110-9873-2C29A9DC14E5}.Debug|Any CPU.ActiveCfg = Debug|Any CPU
		{3B0CA18A-7EAA-4110-9873-2C29A9DC14E5}.Debug|Any CPU.Build.0 = Debug|Any CPU
		{3B0CA18A-7EAA-4110-9873-2C29A9DC14E5}.Release|Any CPU.ActiveCfg = Release|Any CPU
		{3B0CA18A-7EAA-4110-9873-2C29A9DC14E5}.Release|Any CPU.Build.0 = Release|Any CPU
		{A2228D73-AD26-4004-855E-D61BBB587422}.Debug|Any CPU.ActiveCfg = Debug|Any CPU
		{A2228D73-AD26-4004-855E-D61BBB587422}.Debug|Any CPU.Build.0 = Debug|Any CPU
		{A2228D73-AD26-4004-855E-D61BBB587422}.Release|Any CPU.ActiveCfg = Release|Any CPU
		{A2228D73-AD26-4004-855E-D61BBB587422}.Release|Any CPU.Build.0 = Release|Any CPU
		{975F19DA-8195-407F-BCBB-8F639C50B782}.Debug|Any CPU.ActiveCfg = Debug|Any CPU
		{975F19DA-8195-407F-BCBB-8F639C50B782}.Debug|Any CPU.Build.0 = Debug|Any CPU
		{975F19DA-8195-407F-BCBB-8F639C50B782}.Release|Any CPU.ActiveCfg = Release|Any CPU
		{975F19DA-8195-407F-BCBB-8F639C50B782}.Release|Any CPU.Build.0 = Release|Any CPU
		{FF638843-BFDE-465A-BED5-5663C0D77FEB}.Debug|Any CPU.ActiveCfg = Debug|Any CPU
		{FF638843-BFDE-465A-BED5-5663C0D77FEB}.Debug|Any CPU.Build.0 = Debug|Any CPU
		{FF638843-BFDE-465A-BED5-5663C0D77FEB}.Release|Any CPU.ActiveCfg = Release|Any CPU
		{FF638843-BFDE-465A-BED5-5663C0D77FEB}.Release|Any CPU.Build.0 = Release|Any CPU
	EndGlobalSection
	GlobalSection(SolutionProperties) = preSolution
		HideSolutionNode = FALSE
	EndGlobalSection
	GlobalSection(NestedProjects) = preSolution
		{43DA574A-5303-4F2C-8375-CE9187F546E9} = {FB1AE5D6-1590-46D0-847E-FC309795DB50}
		{5FD396AA-67F9-4B2E-9156-BD726B78A3E3} = {FB1AE5D6-1590-46D0-847E-FC309795DB50}
		{CB9F1F64-4DD1-41EB-A7A6-122450B4949A} = {FB1AE5D6-1590-46D0-847E-FC309795DB50}
		{16CAFADA-D5D6-420E-94E3-08D4BF3F13F1} = {5FD396AA-67F9-4B2E-9156-BD726B78A3E3}
		{43B02B94-4DD4-4CEC-B830-12036658CF35} = {68A03212-7589-48EA-B49E-07EFEA9973EB}
		{68A03212-7589-48EA-B49E-07EFEA9973EB} = {43DA574A-5303-4F2C-8375-CE9187F546E9}
		{3546DBE6-438B-46C6-8CB8-401F42BF556A} = {68A03212-7589-48EA-B49E-07EFEA9973EB}
		{AFA35155-080F-4F8D-AED9-A489C60CEABC} = {68A03212-7589-48EA-B49E-07EFEA9973EB}
		{3B0CA18A-7EAA-4110-9873-2C29A9DC14E5} = {43DA574A-5303-4F2C-8375-CE9187F546E9}
		{A2228D73-AD26-4004-855E-D61BBB587422} = {CB9F1F64-4DD1-41EB-A7A6-122450B4949A}
		{975F19DA-8195-407F-BCBB-8F639C50B782} = {5FD396AA-67F9-4B2E-9156-BD726B78A3E3}
		{B224A1D7-031E-4BC5-B455-498714C399FA} = {43DA574A-5303-4F2C-8375-CE9187F546E9}
		{FF638843-BFDE-465A-BED5-5663C0D77FEB} = {B224A1D7-031E-4BC5-B455-498714C399FA}
	EndGlobalSection
	GlobalSection(ExtensibilityGlobals) = postSolution
		SolutionGuid = {F86A7D8D-02C7-4E1F-8694-ECD32E6D3C6D}
	EndGlobalSection
EndGlobal
